
Microsoft Visual Studio Solution File, Format Version 12.00
# Visual Studio Version 16
VisualStudioVersion = 16.0.31321.278
MinimumVisualStudioVersion = 10.0.40219.1
Project("{FAE04EC0-301F-11D3-BF4B-00C04F79EFBC}") = "SnowmireMVC", "SnowmireMVC\SnowmireMVC.csproj", "{77C35FE3-4C52-4E8C-B835-0645ADDDD914}"
EndProject
Project("{FAE04EC0-301F-11D3-BF4B-00C04F79EFBC}") = "MyAccount", "MyAccount\MyAccount.csproj", "{C80034C1-7401-45E6-9928-312861F12B69}"
EndProject
Global
	GlobalSection(SolutionConfigurationPlatforms) = preSolution
		Debug|Any CPU = Debug|Any CPU
		Release|Any CPU = Release|Any CPU
	EndGlobalSection
	GlobalSection(ProjectConfigurationPlatforms) = postSolution
		{77C35FE3-4C52-4E8C-B835-0645ADDDD914}.Debug|Any CPU.ActiveCfg = Debug|Any CPU
		{77C35FE3-4C52-4E8C-B835-0645ADDDD914}.Debug|Any CPU.Build.0 = Debug|Any CPU
		{77C35FE3-4C52-4E8C-B835-0645ADDDD914}.Release|Any CPU.ActiveCfg = Release|Any CPU
		{77C35FE3-4C52-4E8C-B835-0645ADDDD914}.Release|Any CPU.Build.0 = Release|Any CPU
		{C80034C1-7401-45E6-9928-312861F12B69}.Debug|Any CPU.ActiveCfg = Debug|Any CPU
		{C80034C1-7401-45E6-9928-312861F12B69}.Debug|Any CPU.Build.0 = Debug|Any CPU
		{C80034C1-7401-45E6-9928-312861F12B69}.Release|Any CPU.ActiveCfg = Release|Any CPU
		{C80034C1-7401-45E6-9928-312861F12B69}.Release|Any CPU.Build.0 = Release|Any CPU
	EndGlobalSection
	GlobalSection(SolutionProperties) = preSolution
		HideSolutionNode = FALSE
	EndGlobalSection
	GlobalSection(ExtensibilityGlobals) = postSolution
		SolutionGuid = {E5548025-D303-48CD-B65E-AC614B108803}
	EndGlobalSection
EndGlobal
